
Microsoft Visual Studio Solution File, Format Version 12.00
# Visual Studio 15
VisualStudioVersion = 15.0.27130.2036
MinimumVisualStudioVersion = 10.0.40219.1
Project("{8BC9CEB8-8B4A-11D0-8D11-00A0C91BC942}") = "DynamicAllocationOfObjects", "DynamicAllocationOfObjects\DynamicAllocationOfObjects.vcxproj", "{73E41902-07B5-4214-A694-405F504A2297}"
EndProject
Global
	GlobalSection(SolutionConfigurationPlatforms) = preSolution
		Debug|x64 = Debug|x64
		Debug|x86 = Debug|x86
		Release|x64 = Release|x64
		Release|x86 = Release|x86
	EndGlobalSection
	GlobalSection(ProjectConfigurationPlatforms) = postSolution
		{73E41902-07B5-4214-A694-405F504A2297}.Debug|x64.ActiveCfg = Debug|x64
		{73E41902-07B5-4214-A694-405F504A2297}.Debug|x64.Build.0 = Debug|x64
		{73E41902-07B5-4214-A694-405F504A2297}.Debug|x86.ActiveCfg = Debug|Win32
		{73E41902-07B5-4214-A694-405F504A2297}.Debug|x86.Build.0 = Debug|Win32
		{73E41902-07B5-4214-A694-405F504A2297}.Release|x64.ActiveCfg = Release|x64
		{73E41902-07B5-4214-A694-405F504A2297}.Release|x64.Build.0 = Release|x64
		{73E41902-07B5-4214-A694-405F504A2297}.Release|x86.ActiveCfg = Release|Win32
		{73E41902-07B5-4214-A694-405F504A2297}.Release|x86.Build.0 = Release|Win32
	EndGlobalSection
	GlobalSection(SolutionProperties) = preSolution
		HideSolutionNode = FALSE
	EndGlobalSection
	GlobalSection(ExtensibilityGlobals) = postSolution
		SolutionGuid = {BAF606A6-E007-4392-87B5-100C70E97E88}
	EndGlobalSection
EndGlobal
